<?xml version="1.0" encoding="utf-8"?>
<Project ToolsVersion="4.0" xmlns="http://schemas.microsoft.com/developer/msbuild/2003">
  <ItemGroup>
    <ClCompile Include="Button.cpp">
      <Filter>.cpp</Filter>
    </ClCompile>
    <ClCompile Include="Clue.cpp">
      <Filter>.cpp</Filter>
    </ClCompile>
    <ClCompile Include="Crafting.cpp">
      <Filter>.cpp</Filter>
    </ClCompile>
    <ClCompile Include="Cursor.cpp">
      <Filter>.cpp</Filter>
    </ClCompile>
    <ClCompile Include="DialogueSystem.cpp">
      <Filter>.cpp</Filter>
    </ClCompile>
    <ClCompile Include="Game.cpp">
      <Filter>.cpp</Filter>
    </ClCompile>
    <ClCompile Include="Inventory.cpp">
      <Filter>.cpp</Filter>
    </ClCompile>
    <ClCompile Include="Item.cpp">
      <Filter>.cpp</Filter>
    </ClCompile>
    <ClCompile Include="LastLevel.cpp">
      <Filter>.cpp</Filter>
    </ClCompile>
    <ClCompile Include="Level1.cpp">
      <Filter>.cpp</Filter>
    </ClCompile>
    <ClCompile Include="Level3.cpp">
      <Filter>.cpp</Filter>
    </ClCompile>
    <ClCompile Include="LevelHandler.cpp">
      <Filter>.cpp</Filter>
    </ClCompile>
    <ClCompile Include="Main.cpp">
      <Filter>.cpp</Filter>
    </ClCompile>
    <ClCompile Include="Player.cpp">
      <Filter>.cpp</Filter>
    </ClCompile>
    <ClCompile Include="ResourceHandler.cpp">
      <Filter>.cpp</Filter>
    </ClCompile>
    <ClCompile Include="UI.cpp">
      <Filter>.cpp</Filter>
    </ClCompile>
    <ClCompile Include="RiddleSpider.cpp">
      <Filter>.cpp</Filter>
    </ClCompile>
    <ClCompile Include="Level2.cpp">
      <Filter>.cpp</Filter>
    </ClCompile>
  </ItemGroup>
  <ItemGroup>
    <ClInclude Include="Button.h">
      <Filter>.h</Filter>
    </ClInclude>
    <ClInclude Include="Clue.h">
      <Filter>.h</Filter>
    </ClInclude>
    <ClInclude Include="Crafting.h">
      <Filter>.h</Filter>
    </ClInclude>
    <ClInclude Include="Cursor.h">
      <Filter>.h</Filter>
    </ClInclude>
    <ClInclude Include="DialogueSystem.h">
      <Filter>.h</Filter>
    </ClInclude>
    <ClInclude Include="Game.h">
      <Filter>.h</Filter>
    </ClInclude>
    <ClInclude Include="Inventory.h">
      <Filter>.h</Filter>
    </ClInclude>
    <ClInclude Include="Item.h">
      <Filter>.h</Filter>
    </ClInclude>
    <ClInclude Include="LastLevel.h">
      <Filter>.h</Filter>
    </ClInclude>
    <ClInclude Include="Level.h">
      <Filter>.h</Filter>
    </ClInclude>
    <ClInclude Include="Level1.h">
      <Filter>.h</Filter>
    </ClInclude>
    <ClInclude Include="Level3.h">
      <Filter>.h</Filter>
    </ClInclude>
    <ClInclude Include="LevelHandler.h">
      <Filter>.h</Filter>
    </ClInclude>
    <ClInclude Include="Player.h">
      <Filter>.h</Filter>
    </ClInclude>
    <ClInclude Include="ResourceHandler.h">
      <Filter>.h</Filter>
    </ClInclude>
    <ClInclude Include="UI.h">
      <Filter>.h</Filter>
    </ClInclude>
    <ClInclude Include="RiddleSpider.h">
      <Filter>.h</Filter>
    </ClInclude>
    <ClInclude Include="Level2.h">
      <Filter>.h</Filter>
    </ClInclude>
  </ItemGroup>
  <ItemGroup>
    <Filter Include=".cpp">
      <UniqueIdentifier>{89ac477a-2eeb-4ee3-bbf4-5115e3a76e67}</UniqueIdentifier>
    </Filter>
    <Filter Include=".h">
      <UniqueIdentifier>{548b6c8f-2e20-4e2b-94e5-2cb818fb4f7c}</UniqueIdentifier>
    </Filter>
  </ItemGroup>
</Project>