<?xml version="1.0" encoding="utf-8"?>
<Project ToolsVersion="4.0" xmlns="http://schemas.microsoft.com/developer/msbuild/2003">
  <ItemGroup>
    <ClCompile Include="Button.cpp">
      <Filter>.cpp</Filter>
    </ClCompile>
    <ClCompile Include="Crafting.cpp">
      <Filter>.cpp</Filter>
    </ClCompile>
    <ClCompile Include="Cursor.cpp">
      <Filter>.cpp</Filter>
    </ClCompile>
    <ClCompile Include="DialogueSystem.cpp">
      <Filter>.cpp</Filter>
    </ClCompile>
    <ClCompile Include="Game.cpp">
      <Filter>.cpp</Filter>
    </ClCompile>
    <ClCompile Include="Inventory.cpp">
      <Filter>.cpp</Filter>
    </ClCompile>
    <ClCompile Include="Item.cpp">
      <Filter>.cpp</Filter>
    </ClCompile>
    <ClCompile Include="LastLevel.cpp">
      <Filter>.cpp</Filter>
    </ClCompile>
    <ClCompile Include="Level1.cpp">
      <Filter>.cpp</Filter>
    </ClCompile>
    <ClCompile Include="LevelHandler.cpp">
      <Filter>.cpp</Filter>
    </ClCompile>
    <ClCompile Include="Main.cpp">
      <Filter>.cpp</Filter>
    </ClCompile>
    <ClCompile Include="Player.cpp">
      <Filter>.cpp</Filter>
    </ClCompile>
    <ClCompile Include="ResourceHandler.cpp">
      <Filter>.cpp</Filter>
    </ClCompile>
    <ClCompile Include="Menu.cpp">
      <Filter>.cpp</Filter>
    </ClCompile>
    <ClCompile Include="UI.cpp">
      <Filter>.cpp</Filter>
    </ClCompile>
  </ItemGroup>
  <ItemGroup>
    <ClInclude Include="Button.h">
      <Filter>.h</Filter>
    </ClInclude>
    <ClInclude Include="Crafting.h">
      <Filter>.h</Filter>
    </ClInclude>
    <ClInclude Include="Cursor.h">
      <Filter>.h</Filter>
    </ClInclude>
    <ClInclude Include="DialogueSystem.h">
      <Filter>.h</Filter>
    </ClInclude>
    <ClInclude Include="Game.h">
      <Filter>.h</Filter>
    </ClInclude>
    <ClInclude Include="Inventory.h">
      <Filter>.h</Filter>
    </ClInclude>
    <ClInclude Include="Item.h">
      <Filter>.h</Filter>
    </ClInclude>
    <ClInclude Include="LastLevel.h">
      <Filter>.h</Filter>
    </ClInclude>
    <ClInclude Include="Level.h">
      <Filter>.h</Filter>
    </ClInclude>
    <ClInclude Include="Level1.h">
      <Filter>.h</Filter>
    </ClInclude>
    <ClInclude Include="LevelHandler.h">
      <Filter>.h</Filter>
    </ClInclude>
    <ClInclude Include="Menu.h">
      <Filter>.h</Filter>
    </ClInclude>
    <ClInclude Include="Player.h">
      <Filter>.h</Filter>
    </ClInclude>
    <ClInclude Include="ResourceHandler.h">
      <Filter>.h</Filter>
    </ClInclude>
    <ClInclude Include="UI.h">
      <Filter>.h</Filter>
    </ClInclude>
  </ItemGroup>
  <ItemGroup>
    <Filter Include=".h">
      <UniqueIdentifier>{d47fc4e1-729d-4a42-bb5e-cf74e59f1b27}</UniqueIdentifier>
    </Filter>
    <Filter Include=".cpp">
      <UniqueIdentifier>{d7ffa7d7-13c9-4646-8a65-fbbc39dbcd5c}</UniqueIdentifier>
    </Filter>
  </ItemGroup>
</Project>